
Microsoft Visual Studio Solution File, Format Version 12.00
# Visual Studio Version 16
VisualStudioVersion = 16.0.29613.14
MinimumVisualStudioVersion = 10.0.40219.1
Project("{FAE04EC0-301F-11D3-BF4B-00C04F79EFBC}") = "WebApplication1", "WebApplication1\WebApplication1.csproj", "{2CB2BABC-047E-422B-BBFF-7F54B2ACFC49}"
EndProject
Global
	GlobalSection(SolutionConfigurationPlatforms) = preSolution
		Debug|Any CPU = Debug|Any CPU
		Release|Any CPU = Release|Any CPU
	EndGlobalSection
	GlobalSection(ProjectConfigurationPlatforms) = postSolution
		{2CB2BABC-047E-422B-BBFF-7F54B2ACFC49}.Debug|Any CPU.ActiveCfg = Debug|Any CPU
		{2CB2BABC-047E-422B-BBFF-7F54B2ACFC49}.Debug|Any CPU.Build.0 = Debug|Any CPU
		{2CB2BABC-047E-422B-BBFF-7F54B2ACFC49}.Release|Any CPU.ActiveCfg = Release|Any CPU
		{2CB2BABC-047E-422B-BBFF-7F54B2ACFC49}.Release|Any CPU.Build.0 = Release|Any CPU
	EndGlobalSection
	GlobalSection(SolutionProperties) = preSolution
		HideSolutionNode = FALSE
	EndGlobalSection
	GlobalSection(ExtensibilityGlobals) = postSolution
		SolutionGuid = {9B956600-782F-4AC3-9E72-F13FDF168DD7}
	EndGlobalSection
EndGlobal
